
Microsoft Visual Studio Solution File, Format Version 12.00
# Visual Studio Version 17
VisualStudioVersion = 17.0.31808.319
MinimumVisualStudioVersion = 10.0.40219.1
Project("{9A19103F-16F7-4668-BE54-9A1E7A4F7556}") = "Leetcode Console", "Leetcode Console\Leetcode Console.csproj", "{0C3C083C-5303-4F94-9388-83668304AABC}"
EndProject
Project("{2150E333-8FDC-42A3-9474-1A3956D46DE8}") = "Solution Items", "Solution Items", "{9068EB22-A99C-43FA-8905-A054BA1BA86F}"
	ProjectSection(SolutionItems) = preProject
		.editorconfig = .editorconfig
	EndProjectSection
EndProject
Global
	GlobalSection(SolutionConfigurationPlatforms) = preSolution
		Debug|Any CPU = Debug|Any CPU
		Release|Any CPU = Release|Any CPU
	EndGlobalSection
	GlobalSection(ProjectConfigurationPlatforms) = postSolution
		{0C3C083C-5303-4F94-9388-83668304AABC}.Debug|Any CPU.ActiveCfg = Debug|Any CPU
		{0C3C083C-5303-4F94-9388-83668304AABC}.Debug|Any CPU.Build.0 = Debug|Any CPU
		{0C3C083C-5303-4F94-9388-83668304AABC}.Release|Any CPU.ActiveCfg = Release|Any CPU
		{0C3C083C-5303-4F94-9388-83668304AABC}.Release|Any CPU.Build.0 = Release|Any CPU
	EndGlobalSection
	GlobalSection(SolutionProperties) = preSolution
		HideSolutionNode = FALSE
	EndGlobalSection
	GlobalSection(ExtensibilityGlobals) = postSolution
		SolutionGuid = {515E2F84-9887-4DC7-8862-67487B1A4E66}
	EndGlobalSection
EndGlobal
